
Microsoft Visual Studio Solution File, Format Version 12.00
# Visual Studio 15
Project("{FAE04EC0-301F-11D3-BF4B-00C04F79EFBC}") = "Assembly-CSharp", "Assembly-CSharp.csproj", "{E90CA49E-24C5-D901-F7E8-5CE05CF0756A}"
EndProject
Global
	GlobalSection(SolutionConfigurationPlatforms) = preSolution
		Debug|Any CPU = Debug|Any CPU
		Release|Any CPU = Release|Any CPU
	EndGlobalSection
	GlobalSection(ProjectConfigurationPlatforms) = postSolution
		{E90CA49E-24C5-D901-F7E8-5CE05CF0756A}.Debug|Any CPU.ActiveCfg = Debug|Any CPU
		{E90CA49E-24C5-D901-F7E8-5CE05CF0756A}.Debug|Any CPU.Build.0 = Debug|Any CPU
		{E90CA49E-24C5-D901-F7E8-5CE05CF0756A}.Release|Any CPU.ActiveCfg = Release|Any CPU
		{E90CA49E-24C5-D901-F7E8-5CE05CF0756A}.Release|Any CPU.Build.0 = Release|Any CPU
	EndGlobalSection
	GlobalSection(SolutionProperties) = preSolution
		HideSolutionNode = FALSE
	EndGlobalSection
EndGlobal
